
Microsoft Visual Studio Solution File, Format Version 12.00
# Visual Studio 2012
Project("{FAE04EC0-301F-11D3-BF4B-00C04F79EFBC}") = "PrimeiraAula", "PrimeiraAula\PrimeiraAula.csproj", "{93743AFA-9FF4-467A-BAEC-0401B2C11999}"
EndProject
Global
	GlobalSection(SolutionConfigurationPlatforms) = preSolution
		Debug|Any CPU = Debug|Any CPU
		Release|Any CPU = Release|Any CPU
	EndGlobalSection
	GlobalSection(ProjectConfigurationPlatforms) = postSolution
		{93743AFA-9FF4-467A-BAEC-0401B2C11999}.Debug|Any CPU.ActiveCfg = Debug|Any CPU
		{93743AFA-9FF4-467A-BAEC-0401B2C11999}.Debug|Any CPU.Build.0 = Debug|Any CPU
		{93743AFA-9FF4-467A-BAEC-0401B2C11999}.Release|Any CPU.ActiveCfg = Release|Any CPU
		{93743AFA-9FF4-467A-BAEC-0401B2C11999}.Release|Any CPU.Build.0 = Release|Any CPU
	EndGlobalSection
	GlobalSection(SolutionProperties) = preSolution
		HideSolutionNode = FALSE
	EndGlobalSection
EndGlobal
